
Microsoft Visual Studio Solution File, Format Version 12.00
Project("{FAE04EC0-301F-11D3-BF4B-00C04F79EFBC}") = "WebApp", "WebApp\WebApp.csproj", "{844BCC5B-E943-45E9-8C88-B049024B31C2}"
EndProject
Project("{2150E333-8FDC-42A3-9474-1A3956D46DE8}") = "Solution Items", "Solution Items", "{278A083D-5CA9-46EA-943F-E968F6B3441B}"
	ProjectSection(SolutionItems) = preProject
					..\.gitignore = ..\.gitignore
		README.md = README.md
		..\docker-compose.yml = ..\docker-compose.yml
		Directory.Build.props = Directory.Build.props
	EndProjectSection
EndProject
Project("{2150E333-8FDC-42A3-9474-1A3956D46DE8}") = "APP", "APP", "{68E4A351-0F6D-438F-98E0-36B1A010E3E3}"
EndProject
Project("{2150E333-8FDC-42A3-9474-1A3956D46DE8}") = "BASE", "BASE", "{224B9D26-CB7A-4D0F-99B4-8FCB7CB59655}"
EndProject
Project("{FAE04EC0-301F-11D3-BF4B-00C04F79EFBC}") = "Domain.Base", "Domain.Base\Domain.Base.csproj", "{267BF7AB-79B6-48ED-91AB-EDAC28838865}"
EndProject
Project("{2150E333-8FDC-42A3-9474-1A3956D46DE8}") = "Contracts", "Contracts", "{7126EEB1-89E0-407D-A448-3409C84BE3C3}"
EndProject
Project("{FAE04EC0-301F-11D3-BF4B-00C04F79EFBC}") = "Domain.Contracts.Base", "Domain.Contracts.Base\Domain.Contracts.Base.csproj", "{0ED50BF9-39B3-49FD-AF53-2D1EF770E06A}"
EndProject
Project("{FAE04EC0-301F-11D3-BF4B-00C04F79EFBC}") = "Domain.App", "Domain.App\Domain.App.csproj", "{53BD8AC6-4755-4191-BDC1-9D1C50557BB0}"
EndProject
Project("{FAE04EC0-301F-11D3-BF4B-00C04F79EFBC}") = "DAL.Contracts.Base", "DAL.Contracts.Base\DAL.Contracts.Base.csproj", "{516459F0-642A-443E-AEEF-04AAFC6D4167}"
EndProject
Project("{FAE04EC0-301F-11D3-BF4B-00C04F79EFBC}") = "DAL.EF.Base", "DAL.EF.Base\DAL.EF.Base.csproj", "{9BF1E06F-4682-40B0-BAE8-A0A514D1114B}"
EndProject
Project("{2150E333-8FDC-42A3-9474-1A3956D46DE8}") = "Contracts", "Contracts", "{CF39BFE2-76FF-476F-8AB9-EDC424F0F6C4}"
EndProject
Project("{FAE04EC0-301F-11D3-BF4B-00C04F79EFBC}") = "DAL.Contracts.App", "DAL.Contracts.App\DAL.Contracts.App.csproj", "{A72D1261-6638-4297-96EF-1620902BA0B1}"
EndProject
Project("{FAE04EC0-301F-11D3-BF4B-00C04F79EFBC}") = "Helpers.Base", "Helpers.Base\Helpers.Base.csproj", "{45E23530-5134-4937-89A6-6F587EF15849}"
EndProject
Project("{FAE04EC0-301F-11D3-BF4B-00C04F79EFBC}") = "Public.DTO", "Public.DTO\Public.DTO.csproj", "{D2AF2F13-996D-4475-9703-89060BE31F7D}"
EndProject
Project("{FAE04EC0-301F-11D3-BF4B-00C04F79EFBC}") = "Contracts.Base", "Contracts.Base\Contracts.Base.csproj", "{638A437E-13CC-4F09-8424-3B13E742F9DA}"
EndProject
Project("{FAE04EC0-301F-11D3-BF4B-00C04F79EFBC}") = "DAL.Base", "DAL.Base\DAL.Base.csproj", "{50A40190-069B-4B46-9E81-043EBBD7FF0F}"
EndProject
Project("{FAE04EC0-301F-11D3-BF4B-00C04F79EFBC}") = "DAL.DTO", "DAL.DTO\DAL.DTO.csproj", "{42C6F0D0-1C35-43A6-91F0-28A8897FDEAF}"
EndProject
Project("{FAE04EC0-301F-11D3-BF4B-00C04F79EFBC}") = "DAL.EF.App", "DAL.EF.App\DAL.EF.App.csproj", "{77501EA8-4AC3-43BF-8751-59F713354505}"
EndProject
Project("{FAE04EC0-301F-11D3-BF4B-00C04F79EFBC}") = "BLL.Contracts.Base", "BLL.Contracts.Base\BLL.Contracts.Base.csproj", "{534F5A0A-6266-45E7-A224-FB50FF629CD2}"
EndProject
Project("{FAE04EC0-301F-11D3-BF4B-00C04F79EFBC}") = "BLL.Base", "BLL.Base\BLL.Base.csproj", "{69E78C3B-6E62-4DB5-818E-6191FB42F3EE}"
EndProject
Project("{FAE04EC0-301F-11D3-BF4B-00C04F79EFBC}") = "BLL.App", "BLL.App\BLL.App.csproj", "{2EAE5856-44DB-43CD-94CF-E1A2725FA99C}"
EndProject
Project("{FAE04EC0-301F-11D3-BF4B-00C04F79EFBC}") = "BLL.DTO", "BLL.DTO\BLL.DTO.csproj", "{FBD03314-22CF-4735-B1D8-12BC90D9F321}"
EndProject
Project("{FAE04EC0-301F-11D3-BF4B-00C04F79EFBC}") = "BLL.Contracts.App", "BLL.Contracts.App\BLL.Contracts.App.csproj", "{4FE30BA6-6621-4C77-800C-3EB2EAA3D0ED}"
EndProject
Project("{FAE04EC0-301F-11D3-BF4B-00C04F79EFBC}") = "DTO.Base", "DTO.Base\DTO.Base.csproj", "{31BDB1F9-96E4-4E67-838C-7B299CEF26F5}"
EndProject
Project("{FAE04EC0-301F-11D3-BF4B-00C04F79EFBC}") = "Tests", "Tests\Tests.csproj", "{2A6C1967-BC0F-4970-8E69-65606EB25AED}"
EndProject
Global
	GlobalSection(SolutionConfigurationPlatforms) = preSolution
		Debug|Any CPU = Debug|Any CPU
		Release|Any CPU = Release|Any CPU
	EndGlobalSection
	GlobalSection(ProjectConfigurationPlatforms) = postSolution
		{844BCC5B-E943-45E9-8C88-B049024B31C2}.Debug|Any CPU.ActiveCfg = Debug|Any CPU
		{844BCC5B-E943-45E9-8C88-B049024B31C2}.Debug|Any CPU.Build.0 = Debug|Any CPU
		{844BCC5B-E943-45E9-8C88-B049024B31C2}.Release|Any CPU.ActiveCfg = Release|Any CPU
		{844BCC5B-E943-45E9-8C88-B049024B31C2}.Release|Any CPU.Build.0 = Release|Any CPU
		{267BF7AB-79B6-48ED-91AB-EDAC28838865}.Debug|Any CPU.ActiveCfg = Debug|Any CPU
		{267BF7AB-79B6-48ED-91AB-EDAC28838865}.Debug|Any CPU.Build.0 = Debug|Any CPU
		{267BF7AB-79B6-48ED-91AB-EDAC28838865}.Release|Any CPU.ActiveCfg = Release|Any CPU
		{267BF7AB-79B6-48ED-91AB-EDAC28838865}.Release|Any CPU.Build.0 = Release|Any CPU
		{0ED50BF9-39B3-49FD-AF53-2D1EF770E06A}.Debug|Any CPU.ActiveCfg = Debug|Any CPU
		{0ED50BF9-39B3-49FD-AF53-2D1EF770E06A}.Debug|Any CPU.Build.0 = Debug|Any CPU
		{0ED50BF9-39B3-49FD-AF53-2D1EF770E06A}.Release|Any CPU.ActiveCfg = Release|Any CPU
		{0ED50BF9-39B3-49FD-AF53-2D1EF770E06A}.Release|Any CPU.Build.0 = Release|Any CPU
		{53BD8AC6-4755-4191-BDC1-9D1C50557BB0}.Debug|Any CPU.ActiveCfg = Debug|Any CPU
		{53BD8AC6-4755-4191-BDC1-9D1C50557BB0}.Debug|Any CPU.Build.0 = Debug|Any CPU
		{53BD8AC6-4755-4191-BDC1-9D1C50557BB0}.Release|Any CPU.ActiveCfg = Release|Any CPU
		{53BD8AC6-4755-4191-BDC1-9D1C50557BB0}.Release|Any CPU.Build.0 = Release|Any CPU
		{516459F0-642A-443E-AEEF-04AAFC6D4167}.Debug|Any CPU.ActiveCfg = Debug|Any CPU
		{516459F0-642A-443E-AEEF-04AAFC6D4167}.Debug|Any CPU.Build.0 = Debug|Any CPU
		{516459F0-642A-443E-AEEF-04AAFC6D4167}.Release|Any CPU.ActiveCfg = Release|Any CPU
		{516459F0-642A-443E-AEEF-04AAFC6D4167}.Release|Any CPU.Build.0 = Release|Any CPU
		{9BF1E06F-4682-40B0-BAE8-A0A514D1114B}.Debug|Any CPU.ActiveCfg = Debug|Any CPU
		{9BF1E06F-4682-40B0-BAE8-A0A514D1114B}.Debug|Any CPU.Build.0 = Debug|Any CPU
		{9BF1E06F-4682-40B0-BAE8-A0A514D1114B}.Release|Any CPU.ActiveCfg = Release|Any CPU
		{9BF1E06F-4682-40B0-BAE8-A0A514D1114B}.Release|Any CPU.Build.0 = Release|Any CPU
		{A72D1261-6638-4297-96EF-1620902BA0B1}.Debug|Any CPU.ActiveCfg = Debug|Any CPU
		{A72D1261-6638-4297-96EF-1620902BA0B1}.Debug|Any CPU.Build.0 = Debug|Any CPU
		{A72D1261-6638-4297-96EF-1620902BA0B1}.Release|Any CPU.ActiveCfg = Release|Any CPU
		{A72D1261-6638-4297-96EF-1620902BA0B1}.Release|Any CPU.Build.0 = Release|Any CPU
		{45E23530-5134-4937-89A6-6F587EF15849}.Debug|Any CPU.ActiveCfg = Debug|Any CPU
		{45E23530-5134-4937-89A6-6F587EF15849}.Debug|Any CPU.Build.0 = Debug|Any CPU
		{45E23530-5134-4937-89A6-6F587EF15849}.Release|Any CPU.ActiveCfg = Release|Any CPU
		{45E23530-5134-4937-89A6-6F587EF15849}.Release|Any CPU.Build.0 = Release|Any CPU
		{D2AF2F13-996D-4475-9703-89060BE31F7D}.Debug|Any CPU.ActiveCfg = Debug|Any CPU
		{D2AF2F13-996D-4475-9703-89060BE31F7D}.Debug|Any CPU.Build.0 = Debug|Any CPU
		{D2AF2F13-996D-4475-9703-89060BE31F7D}.Release|Any CPU.ActiveCfg = Release|Any CPU
		{D2AF2F13-996D-4475-9703-89060BE31F7D}.Release|Any CPU.Build.0 = Release|Any CPU
		{638A437E-13CC-4F09-8424-3B13E742F9DA}.Debug|Any CPU.ActiveCfg = Debug|Any CPU
		{638A437E-13CC-4F09-8424-3B13E742F9DA}.Debug|Any CPU.Build.0 = Debug|Any CPU
		{638A437E-13CC-4F09-8424-3B13E742F9DA}.Release|Any CPU.ActiveCfg = Release|Any CPU
		{638A437E-13CC-4F09-8424-3B13E742F9DA}.Release|Any CPU.Build.0 = Release|Any CPU
		{50A40190-069B-4B46-9E81-043EBBD7FF0F}.Debug|Any CPU.ActiveCfg = Debug|Any CPU
		{50A40190-069B-4B46-9E81-043EBBD7FF0F}.Debug|Any CPU.Build.0 = Debug|Any CPU
		{50A40190-069B-4B46-9E81-043EBBD7FF0F}.Release|Any CPU.ActiveCfg = Release|Any CPU
		{50A40190-069B-4B46-9E81-043EBBD7FF0F}.Release|Any CPU.Build.0 = Release|Any CPU
		{42C6F0D0-1C35-43A6-91F0-28A8897FDEAF}.Debug|Any CPU.ActiveCfg = Debug|Any CPU
		{42C6F0D0-1C35-43A6-91F0-28A8897FDEAF}.Debug|Any CPU.Build.0 = Debug|Any CPU
		{42C6F0D0-1C35-43A6-91F0-28A8897FDEAF}.Release|Any CPU.ActiveCfg = Release|Any CPU
		{42C6F0D0-1C35-43A6-91F0-28A8897FDEAF}.Release|Any CPU.Build.0 = Release|Any CPU
		{77501EA8-4AC3-43BF-8751-59F713354505}.Debug|Any CPU.ActiveCfg = Debug|Any CPU
		{77501EA8-4AC3-43BF-8751-59F713354505}.Debug|Any CPU.Build.0 = Debug|Any CPU
		{77501EA8-4AC3-43BF-8751-59F713354505}.Release|Any CPU.ActiveCfg = Release|Any CPU
		{77501EA8-4AC3-43BF-8751-59F713354505}.Release|Any CPU.Build.0 = Release|Any CPU
		{534F5A0A-6266-45E7-A224-FB50FF629CD2}.Debug|Any CPU.ActiveCfg = Debug|Any CPU
		{534F5A0A-6266-45E7-A224-FB50FF629CD2}.Debug|Any CPU.Build.0 = Debug|Any CPU
		{534F5A0A-6266-45E7-A224-FB50FF629CD2}.Release|Any CPU.ActiveCfg = Release|Any CPU
		{534F5A0A-6266-45E7-A224-FB50FF629CD2}.Release|Any CPU.Build.0 = Release|Any CPU
		{69E78C3B-6E62-4DB5-818E-6191FB42F3EE}.Debug|Any CPU.ActiveCfg = Debug|Any CPU
		{69E78C3B-6E62-4DB5-818E-6191FB42F3EE}.Debug|Any CPU.Build.0 = Debug|Any CPU
		{69E78C3B-6E62-4DB5-818E-6191FB42F3EE}.Release|Any CPU.ActiveCfg = Release|Any CPU
		{69E78C3B-6E62-4DB5-818E-6191FB42F3EE}.Release|Any CPU.Build.0 = Release|Any CPU
		{2EAE5856-44DB-43CD-94CF-E1A2725FA99C}.Debug|Any CPU.ActiveCfg = Debug|Any CPU
		{2EAE5856-44DB-43CD-94CF-E1A2725FA99C}.Debug|Any CPU.Build.0 = Debug|Any CPU
		{2EAE5856-44DB-43CD-94CF-E1A2725FA99C}.Release|Any CPU.ActiveCfg = Release|Any CPU
		{2EAE5856-44DB-43CD-94CF-E1A2725FA99C}.Release|Any CPU.Build.0 = Release|Any CPU
		{FBD03314-22CF-4735-B1D8-12BC90D9F321}.Debug|Any CPU.ActiveCfg = Debug|Any CPU
		{FBD03314-22CF-4735-B1D8-12BC90D9F321}.Debug|Any CPU.Build.0 = Debug|Any CPU
		{FBD03314-22CF-4735-B1D8-12BC90D9F321}.Release|Any CPU.ActiveCfg = Release|Any CPU
		{FBD03314-22CF-4735-B1D8-12BC90D9F321}.Release|Any CPU.Build.0 = Release|Any CPU
		{4FE30BA6-6621-4C77-800C-3EB2EAA3D0ED}.Debug|Any CPU.ActiveCfg = Debug|Any CPU
		{4FE30BA6-6621-4C77-800C-3EB2EAA3D0ED}.Debug|Any CPU.Build.0 = Debug|Any CPU
		{4FE30BA6-6621-4C77-800C-3EB2EAA3D0ED}.Release|Any CPU.ActiveCfg = Release|Any CPU
		{4FE30BA6-6621-4C77-800C-3EB2EAA3D0ED}.Release|Any CPU.Build.0 = Release|Any CPU
		{31BDB1F9-96E4-4E67-838C-7B299CEF26F5}.Debug|Any CPU.ActiveCfg = Debug|Any CPU
		{31BDB1F9-96E4-4E67-838C-7B299CEF26F5}.Debug|Any CPU.Build.0 = Debug|Any CPU
		{31BDB1F9-96E4-4E67-838C-7B299CEF26F5}.Release|Any CPU.ActiveCfg = Release|Any CPU
		{31BDB1F9-96E4-4E67-838C-7B299CEF26F5}.Release|Any CPU.Build.0 = Release|Any CPU
		{2A6C1967-BC0F-4970-8E69-65606EB25AED}.Debug|Any CPU.ActiveCfg = Debug|Any CPU
		{2A6C1967-BC0F-4970-8E69-65606EB25AED}.Debug|Any CPU.Build.0 = Debug|Any CPU
		{2A6C1967-BC0F-4970-8E69-65606EB25AED}.Release|Any CPU.ActiveCfg = Release|Any CPU
		{2A6C1967-BC0F-4970-8E69-65606EB25AED}.Release|Any CPU.Build.0 = Release|Any CPU
	EndGlobalSection
	GlobalSection(NestedProjects) = preSolution
		{844BCC5B-E943-45E9-8C88-B049024B31C2} = {68E4A351-0F6D-438F-98E0-36B1A010E3E3}
		{267BF7AB-79B6-48ED-91AB-EDAC28838865} = {224B9D26-CB7A-4D0F-99B4-8FCB7CB59655}
		{7126EEB1-89E0-407D-A448-3409C84BE3C3} = {224B9D26-CB7A-4D0F-99B4-8FCB7CB59655}
		{0ED50BF9-39B3-49FD-AF53-2D1EF770E06A} = {7126EEB1-89E0-407D-A448-3409C84BE3C3}
		{53BD8AC6-4755-4191-BDC1-9D1C50557BB0} = {68E4A351-0F6D-438F-98E0-36B1A010E3E3}
		{516459F0-642A-443E-AEEF-04AAFC6D4167} = {7126EEB1-89E0-407D-A448-3409C84BE3C3}
		{9BF1E06F-4682-40B0-BAE8-A0A514D1114B} = {224B9D26-CB7A-4D0F-99B4-8FCB7CB59655}
		{CF39BFE2-76FF-476F-8AB9-EDC424F0F6C4} = {68E4A351-0F6D-438F-98E0-36B1A010E3E3}
		{A72D1261-6638-4297-96EF-1620902BA0B1} = {CF39BFE2-76FF-476F-8AB9-EDC424F0F6C4}
		{45E23530-5134-4937-89A6-6F587EF15849} = {224B9D26-CB7A-4D0F-99B4-8FCB7CB59655}
		{D2AF2F13-996D-4475-9703-89060BE31F7D} = {68E4A351-0F6D-438F-98E0-36B1A010E3E3}
		{638A437E-13CC-4F09-8424-3B13E742F9DA} = {7126EEB1-89E0-407D-A448-3409C84BE3C3}
		{50A40190-069B-4B46-9E81-043EBBD7FF0F} = {224B9D26-CB7A-4D0F-99B4-8FCB7CB59655}
		{42C6F0D0-1C35-43A6-91F0-28A8897FDEAF} = {68E4A351-0F6D-438F-98E0-36B1A010E3E3}
		{77501EA8-4AC3-43BF-8751-59F713354505} = {68E4A351-0F6D-438F-98E0-36B1A010E3E3}
		{534F5A0A-6266-45E7-A224-FB50FF629CD2} = {7126EEB1-89E0-407D-A448-3409C84BE3C3}
		{69E78C3B-6E62-4DB5-818E-6191FB42F3EE} = {224B9D26-CB7A-4D0F-99B4-8FCB7CB59655}
		{2EAE5856-44DB-43CD-94CF-E1A2725FA99C} = {68E4A351-0F6D-438F-98E0-36B1A010E3E3}
		{FBD03314-22CF-4735-B1D8-12BC90D9F321} = {68E4A351-0F6D-438F-98E0-36B1A010E3E3}
		{4FE30BA6-6621-4C77-800C-3EB2EAA3D0ED} = {CF39BFE2-76FF-476F-8AB9-EDC424F0F6C4}
		{31BDB1F9-96E4-4E67-838C-7B299CEF26F5} = {224B9D26-CB7A-4D0F-99B4-8FCB7CB59655}
		{2A6C1967-BC0F-4970-8E69-65606EB25AED} = {68E4A351-0F6D-438F-98E0-36B1A010E3E3}
	EndGlobalSection
EndGlobal
